
Microsoft Visual Studio Solution File, Format Version 12.00
# Visual Studio Version 17
VisualStudioVersion = 17.13.35931.197 d17.13
MinimumVisualStudioVersion = 10.0.40219.1
Project("{FAE04EC0-301F-11D3-BF4B-00C04F79EFBC}") = "QuickChat", "QuickChat\QuickChat.csproj", "{7F83BA7E-F538-458B-AEAA-F1551CE97858}"
EndProject
Global
	GlobalSection(SolutionConfigurationPlatforms) = preSolution
		Debug|Any CPU = Debug|Any CPU
		Release|Any CPU = Release|Any CPU
	EndGlobalSection
	GlobalSection(ProjectConfigurationPlatforms) = postSolution
		{7F83BA7E-F538-458B-AEAA-F1551CE97858}.Debug|Any CPU.ActiveCfg = Debug|Any CPU
		{7F83BA7E-F538-458B-AEAA-F1551CE97858}.Debug|Any CPU.Build.0 = Debug|Any CPU
		{7F83BA7E-F538-458B-AEAA-F1551CE97858}.Release|Any CPU.ActiveCfg = Release|Any CPU
		{7F83BA7E-F538-458B-AEAA-F1551CE97858}.Release|Any CPU.Build.0 = Release|Any CPU
	EndGlobalSection
	GlobalSection(SolutionProperties) = preSolution
		HideSolutionNode = FALSE
	EndGlobalSection
	GlobalSection(ExtensibilityGlobals) = postSolution
		SolutionGuid = {DB5DB1EA-2B82-47B6-8CDC-9DF4E853F373}
	EndGlobalSection
EndGlobal
